
Microsoft Visual Studio Solution File, Format Version 12.00
# Visual Studio Version 16
VisualStudioVersion = 16.0.28803.202
MinimumVisualStudioVersion = 10.0.40219.1
Project("{FAE04EC0-301F-11D3-BF4B-00C04F79EFBC}") = "FoodAndStyleOrderPlanning", "FoodAndStyleOrderPlanning\FoodAndStyleOrderPlanning.csproj", "{B1445594-EA49-4770-82FC-F21970C19885}"
EndProject
Project("{FAE04EC0-301F-11D3-BF4B-00C04F79EFBC}") = "FoodAndStyleOrderPlanning.Core", "FoodAndStyleOrderPlanning.Core\FoodAndStyleOrderPlanning.Core.csproj", "{32CBF3F6-5E9B-4A13-A897-95AF31205C6D}"
EndProject
Project("{FAE04EC0-301F-11D3-BF4B-00C04F79EFBC}") = "FoodAndStyleOrderPlanning.Data", "FoodAndStyleOrderPlanning.Data\FoodAndStyleOrderPlanning.Data.csproj", "{B97EF95C-F98A-495A-9E60-1DD303616695}"
EndProject
Global
	GlobalSection(SolutionConfigurationPlatforms) = preSolution
		Debug|Any CPU = Debug|Any CPU
		Release|Any CPU = Release|Any CPU
	EndGlobalSection
	GlobalSection(ProjectConfigurationPlatforms) = postSolution
		{B1445594-EA49-4770-82FC-F21970C19885}.Debug|Any CPU.ActiveCfg = Debug|Any CPU
		{B1445594-EA49-4770-82FC-F21970C19885}.Debug|Any CPU.Build.0 = Debug|Any CPU
		{B1445594-EA49-4770-82FC-F21970C19885}.Release|Any CPU.ActiveCfg = Release|Any CPU
		{B1445594-EA49-4770-82FC-F21970C19885}.Release|Any CPU.Build.0 = Release|Any CPU
		{32CBF3F6-5E9B-4A13-A897-95AF31205C6D}.Debug|Any CPU.ActiveCfg = Debug|Any CPU
		{32CBF3F6-5E9B-4A13-A897-95AF31205C6D}.Debug|Any CPU.Build.0 = Debug|Any CPU
		{32CBF3F6-5E9B-4A13-A897-95AF31205C6D}.Release|Any CPU.ActiveCfg = Release|Any CPU
		{32CBF3F6-5E9B-4A13-A897-95AF31205C6D}.Release|Any CPU.Build.0 = Release|Any CPU
		{B97EF95C-F98A-495A-9E60-1DD303616695}.Debug|Any CPU.ActiveCfg = Debug|Any CPU
		{B97EF95C-F98A-495A-9E60-1DD303616695}.Debug|Any CPU.Build.0 = Debug|Any CPU
		{B97EF95C-F98A-495A-9E60-1DD303616695}.Release|Any CPU.ActiveCfg = Release|Any CPU
		{B97EF95C-F98A-495A-9E60-1DD303616695}.Release|Any CPU.Build.0 = Release|Any CPU
	EndGlobalSection
	GlobalSection(SolutionProperties) = preSolution
		HideSolutionNode = FALSE
	EndGlobalSection
	GlobalSection(ExtensibilityGlobals) = postSolution
		SolutionGuid = {86BBAFEF-C4BC-412A-A403-3706DA289F75}
	EndGlobalSection
EndGlobal
